
Microsoft Visual Studio Solution File, Format Version 12.00
# Visual Studio 15
VisualStudioVersion = 15.0.26730.3
MinimumVisualStudioVersion = 10.0.40219.1
Project("{FAE04EC0-301F-11D3-BF4B-00C04F79EFBC}") = "Demo", "Demo\Demo.csproj", "{8AB3E07F-1FEB-4AB8-9E31-74E7C9E872BA}"
EndProject
Global
	GlobalSection(SolutionConfigurationPlatforms) = preSolution
		Debug|Any CPU = Debug|Any CPU
		Release|Any CPU = Release|Any CPU
	EndGlobalSection
	GlobalSection(ProjectConfigurationPlatforms) = postSolution
		{8AB3E07F-1FEB-4AB8-9E31-74E7C9E872BA}.Debug|Any CPU.ActiveCfg = Debug|Any CPU
		{8AB3E07F-1FEB-4AB8-9E31-74E7C9E872BA}.Debug|Any CPU.Build.0 = Debug|Any CPU
		{8AB3E07F-1FEB-4AB8-9E31-74E7C9E872BA}.Release|Any CPU.ActiveCfg = Release|Any CPU
		{8AB3E07F-1FEB-4AB8-9E31-74E7C9E872BA}.Release|Any CPU.Build.0 = Release|Any CPU
	EndGlobalSection
	GlobalSection(SolutionProperties) = preSolution
		HideSolutionNode = FALSE
	EndGlobalSection
	GlobalSection(ExtensibilityGlobals) = postSolution
		SolutionGuid = {F68A434A-21FF-4CF4-90BE-6AB730C78F3C}
	EndGlobalSection
EndGlobal
